
Microsoft Visual Studio Solution File, Format Version 12.00
# Visual Studio 14
VisualStudioVersion = 14.0.25420.1
MinimumVisualStudioVersion = 10.0.40219.1
Project("{FAE04EC0-301F-11D3-BF4B-00C04F79EFBC}") = "Labb13", "Labb13\Labb13.csproj", "{C2DB6C01-43E6-4BA9-A09A-088A52604BA8}"
EndProject
Global
	GlobalSection(SolutionConfigurationPlatforms) = preSolution
		Debug|Any CPU = Debug|Any CPU
		Release|Any CPU = Release|Any CPU
	EndGlobalSection
	GlobalSection(ProjectConfigurationPlatforms) = postSolution
		{C2DB6C01-43E6-4BA9-A09A-088A52604BA8}.Debug|Any CPU.ActiveCfg = Debug|Any CPU
		{C2DB6C01-43E6-4BA9-A09A-088A52604BA8}.Debug|Any CPU.Build.0 = Debug|Any CPU
		{C2DB6C01-43E6-4BA9-A09A-088A52604BA8}.Release|Any CPU.ActiveCfg = Release|Any CPU
		{C2DB6C01-43E6-4BA9-A09A-088A52604BA8}.Release|Any CPU.Build.0 = Release|Any CPU
	EndGlobalSection
	GlobalSection(SolutionProperties) = preSolution
		HideSolutionNode = FALSE
	EndGlobalSection
EndGlobal
